
Microsoft Visual Studio Solution File, Format Version 12.00
# Visual Studio Version 17
VisualStudioVersion = 17.3.32922.545
MinimumVisualStudioVersion = 10.0.40219.1
Project("{FAE04EC0-301F-11D3-BF4B-00C04F79EFBC}") = "Bastion-Exam-Retying", "Bastion-Exam-Retying\Bastion-Exam-Retying.csproj", "{16AC490F-ED34-4C71-8C46-2215BADF3AD2}"
EndProject
Global
	GlobalSection(SolutionConfigurationPlatforms) = preSolution
		Debug|Any CPU = Debug|Any CPU
		Release|Any CPU = Release|Any CPU
	EndGlobalSection
	GlobalSection(ProjectConfigurationPlatforms) = postSolution
		{16AC490F-ED34-4C71-8C46-2215BADF3AD2}.Debug|Any CPU.ActiveCfg = Debug|Any CPU
		{16AC490F-ED34-4C71-8C46-2215BADF3AD2}.Debug|Any CPU.Build.0 = Debug|Any CPU
		{16AC490F-ED34-4C71-8C46-2215BADF3AD2}.Release|Any CPU.ActiveCfg = Release|Any CPU
		{16AC490F-ED34-4C71-8C46-2215BADF3AD2}.Release|Any CPU.Build.0 = Release|Any CPU
	EndGlobalSection
	GlobalSection(SolutionProperties) = preSolution
		HideSolutionNode = FALSE
	EndGlobalSection
	GlobalSection(ExtensibilityGlobals) = postSolution
		SolutionGuid = {BD3A0E6C-FAA9-4694-91E1-DDC16172732A}
	EndGlobalSection
EndGlobal
